# This file is automatically @generated by Cargo.
# It is not intended for manual editing.
version = 3

[[package]]
name = "autocfg"
version = "1.0.1"
source = "registry+https://github.com/rust-lang/crates.io-index"
checksum = "cdb031dd78e28731d87d56cc8ffef4a8f36ca26c38fe2de700543e627f8a464a"

[[package]]
name = "cc"
version = "1.0.67"
source = "registry+https://github.com/rust-lang/crates.io-index"
checksum = "e3c69b077ad434294d3ce9f1f6143a2a4b89a8a2d54ef813d85003a4fd1137fd"

[[package]]
name = "cfg-if"
version = "1.0.0"
source = "registry+https://github.com/rust-lang/crates.io-index"
checksum = "baf1de4339761588bc0619e3cbc0120ee582ebb74b53b4efbf79117bd2da40fd"

[[package]]
name = "lame"
version = "0.1.3"
source = "registry+https://github.com/rust-lang/crates.io-index"
checksum = "3cfaeb7731c451e48225df8143a7a19bb9bc651d0415b5399a5f9d1cc76f002f"

[[package]]
name = "libc"
version = "0.2.88"
source = "registry+https://github.com/rust-lang/crates.io-index"
checksum = "03b07a082330a35e43f63177cc01689da34fbffa0105e1246cf0311472cac73a"

[[package]]
name = "log"
version = "0.4.14"
source = "registry+https://github.com/rust-lang/crates.io-index"
checksum = "51b9bbe6c47d51fc3e1a9b945965946b4c44142ab8792c50835a980d362c2710"
dependencies = [
 "cfg-if",
]

[[package]]
name = "mach"
version = "0.3.2"
source = "registry+https://github.com/rust-lang/crates.io-index"
checksum = "b823e83b2affd8f40a9ee8c29dbc56404c1e34cd2710921f2801e2cf29527afa"
dependencies = [
 "libc",
]

[[package]]
name = "minimp3"
version = "0.5.1"
source = "registry+https://github.com/rust-lang/crates.io-index"
checksum = "985438f75febf74c392071a975a29641b420dd84431135a6e6db721de4b74372"
dependencies = [
 "minimp3-sys",
 "slice-deque",
 "thiserror",
]

[[package]]
name = "minimp3-sys"
version = "0.3.2"
source = "registry+https://github.com/rust-lang/crates.io-index"
checksum = "e21c73734c69dc95696c9ed8926a2b393171d98b3f5f5935686a26a487ab9b90"
dependencies = [
 "cc",
]

[[package]]
name = "num-complex"
version = "0.3.1"
source = "registry+https://github.com/rust-lang/crates.io-index"
checksum = "747d632c0c558b87dbabbe6a82f3b4ae03720d0646ac5b7b4dae89394be5f2c5"
dependencies = [
 "num-traits",
]

[[package]]
name = "num-integer"
version = "0.1.44"
source = "registry+https://github.com/rust-lang/crates.io-index"
checksum = "d2cc698a63b549a70bc047073d2949cce27cd1c7b0a4a862d08a8031bc2801db"
dependencies = [
 "autocfg",
 "num-traits",
]

[[package]]
name = "num-traits"
version = "0.2.14"
source = "registry+https://github.com/rust-lang/crates.io-index"
checksum = "9a64b1ec5cda2586e284722486d802acf1f7dbdc623e2bfc57e65ca1cd099290"
dependencies = [
 "autocfg",
]

[[package]]
name = "osurate"
version = "0.1.0"
dependencies = [
 "lame",
 "minimp3",
 "rubato",
]

[[package]]
name = "primal-check"
version = "0.3.1"
source = "registry+https://github.com/rust-lang/crates.io-index"
checksum = "01419cee72c1a1ca944554e23d83e483e1bccf378753344e881de28b5487511d"
dependencies = [
 "num-integer",
]

[[package]]
name = "proc-macro2"
version = "1.0.24"
source = "registry+https://github.com/rust-lang/crates.io-index"
checksum = "1e0704ee1a7e00d7bb417d0770ea303c1bccbabf0ef1667dae92b5967f5f8a71"
dependencies = [
 "unicode-xid",
]

[[package]]
name = "quote"
version = "1.0.9"
source = "registry+https://github.com/rust-lang/crates.io-index"
checksum = "c3d0b9745dc2debf507c8422de05d7226cc1f0644216dfdfead988f9b1ab32a7"
dependencies = [
 "proc-macro2",
]

[[package]]
name = "realfft"
version = "1.1.0"
source = "registry+https://github.com/rust-lang/crates.io-index"
checksum = "ea97b8a9e985c85108699bf7884820cc90b8b8de6bbcbf4a8b44e5ae534ae0ce"
dependencies = [
 "rustfft",
]

[[package]]
name = "rubato"
version = "0.7.0"
source = "registry+https://github.com/rust-lang/crates.io-index"
checksum = "2d193bec16b71e97e66a0216d2c7db5ab4997f5ef56c3122eef6a5ec326b1307"
dependencies = [
 "log",
 "num-complex",
 "num-integer",
 "num-traits",
 "realfft",
]

[[package]]
name = "rustfft"
version = "5.0.1"
source = "registry+https://github.com/rust-lang/crates.io-index"
checksum = "a2af893d9cfb30d3d2f2ac4bd2a071232143558e06e791dc768179f0089f68f8"
dependencies = [
 "num-complex",
 "num-integer",
 "num-traits",
 "primal-check",
 "strength_reduce",
 "transpose",
]

[[package]]
name = "slice-deque"
version = "0.3.0"
source = "registry+https://github.com/rust-lang/crates.io-index"
checksum = "31ef6ee280cdefba6d2d0b4b78a84a1c1a3f3a4cec98c2d4231c8bc225de0f25"
dependencies = [
 "libc",
 "mach",
 "winapi",
]

[[package]]
name = "strength_reduce"
version = "0.2.3"
source = "registry+https://github.com/rust-lang/crates.io-index"
checksum = "a3ff2f71c82567c565ba4b3009a9350a96a7269eaa4001ebedae926230bc2254"

[[package]]
name = "syn"
version = "1.0.63"
source = "registry+https://github.com/rust-lang/crates.io-index"
checksum = "8fd9bc7ccc2688b3344c2f48b9b546648b25ce0b20fc717ee7fa7981a8ca9717"
dependencies = [
 "proc-macro2",
 "quote",
 "unicode-xid",
]

[[package]]
name = "thiserror"
version = "1.0.24"
source = "registry+https://github.com/rust-lang/crates.io-index"
checksum = "e0f4a65597094d4483ddaed134f409b2cb7c1beccf25201a9f73c719254fa98e"
dependencies = [
 "thiserror-impl",
]

[[package]]
name = "thiserror-impl"
version = "1.0.24"
source = "registry+https://github.com/rust-lang/crates.io-index"
checksum = "7765189610d8241a44529806d6fd1f2e0a08734313a35d5b3a556f92b381f3c0"
dependencies = [
 "proc-macro2",
 "quote",
 "syn",
]

[[package]]
name = "transpose"
version = "0.2.0"
source = "registry+https://github.com/rust-lang/crates.io-index"
checksum = "c3311ef71dea6a1fd6bf5bfc10ec5b4bef6174048f6b481dbc6ce915ff48c0a0"
dependencies = [
 "num-integer",
 "strength_reduce",
]

[[package]]
name = "unicode-xid"
version = "0.2.1"
source = "registry+https://github.com/rust-lang/crates.io-index"
checksum = "f7fe0bb3479651439c9112f72b6c505038574c9fbb575ed1bf3b797fa39dd564"

[[package]]
name = "winapi"
version = "0.3.9"
source = "registry+https://github.com/rust-lang/crates.io-index"
checksum = "5c839a674fcd7a98952e593242ea400abe93992746761e38641405d28b00f419"
dependencies = [
 "winapi-i686-pc-windows-gnu",
 "winapi-x86_64-pc-windows-gnu",
]

[[package]]
name = "winapi-i686-pc-windows-gnu"
version = "0.4.0"
source = "registry+https://github.com/rust-lang/crates.io-index"
checksum = "ac3b87c63620426dd9b991e5ce0329eff545bccbbb34f3be09ff6fb6ab51b7b6"

[[package]]
name = "winapi-x86_64-pc-windows-gnu"
version = "0.4.0"
source = "registry+https://github.com/rust-lang/crates.io-index"
checksum = "712e227841d057c1ee1cd2fb22fa7e5a5461ae8e48fa2ca79ec42cfc1931183f"
